
Microsoft Visual Studio Solution File, Format Version 12.00
# Visual Studio Version 16
VisualStudioVersion = 16.0.29123.89
MinimumVisualStudioVersion = 10.0.40219.1
Project("{9A19103F-16F7-4668-BE54-9A1E7A4F7556}") = "MComponents.Simple.Odata.Client", "MComponents.Simple.Odata.Client\MComponents.Simple.Odata.Client.csproj", "{A516962D-6F65-4B0B-91CB-3426D9D712B9}"
EndProject
Global
	GlobalSection(SolutionConfigurationPlatforms) = preSolution
		Debug|Any CPU = Debug|Any CPU
		Release|Any CPU = Release|Any CPU
	EndGlobalSection
	GlobalSection(ProjectConfigurationPlatforms) = postSolution
		{A516962D-6F65-4B0B-91CB-3426D9D712B9}.Debug|Any CPU.ActiveCfg = Debug|Any CPU
		{A516962D-6F65-4B0B-91CB-3426D9D712B9}.Debug|Any CPU.Build.0 = Debug|Any CPU
		{A516962D-6F65-4B0B-91CB-3426D9D712B9}.Release|Any CPU.ActiveCfg = Release|Any CPU
		{A516962D-6F65-4B0B-91CB-3426D9D712B9}.Release|Any CPU.Build.0 = Release|Any CPU
	EndGlobalSection
	GlobalSection(SolutionProperties) = preSolution
		HideSolutionNode = FALSE
	EndGlobalSection
	GlobalSection(ExtensibilityGlobals) = postSolution
		SolutionGuid = {A6A2D75D-10F1-43E7-ADA5-266AB7CC5828}
	EndGlobalSection
EndGlobal
